
Microsoft Visual Studio Solution File, Format Version 12.00
# Visual Studio Version 17
VisualStudioVersion = 17.0.31903.59
MinimumVisualStudioVersion = 10.0.40219.1
Project("{2150E333-8FDC-42A3-9474-1A3956D46DE8}") = "src", "src", "{827E0CD3-B72D-47B6-A68D-7590B98EB39B}"
EndProject
Project("{FAE04EC0-301F-11D3-BF4B-00C04F79EFBC}") = "Payments.Api", "src\Payments.Api\Payments.Api.csproj", "{DC500592-7119-437E-925C-015E1FCC5D66}"
EndProject
Project("{FAE04EC0-301F-11D3-BF4B-00C04F79EFBC}") = "Payments.Core", "src\Payments.Core\Payments.Core.csproj", "{6EF3F768-C61F-4D1B-9EC5-73BE5C63F30D}"
EndProject
Project("{2150E333-8FDC-42A3-9474-1A3956D46DE8}") = "tests", "tests", "{0AB3BF05-4346-4AA6-1389-037BE0695223}"
EndProject
Project("{FAE04EC0-301F-11D3-BF4B-00C04F79EFBC}") = "Payments.Core.Tests", "tests\Payments.Core.Tests\Payments.Core.Tests.csproj", "{21D306AA-BD40-400F-92A6-C6C4982D28BB}"
EndProject
Project("{FAE04EC0-301F-11D3-BF4B-00C04F79EFBC}") = "Payments.Api.IntegrationTests", "tests\Payments.Api.IntegrationTests\Payments.Api.IntegrationTests.csproj", "{3394F93F-4B2A-486F-8DA3-737C3EDE0AEC}"
EndProject
Global
	GlobalSection(SolutionConfigurationPlatforms) = preSolution
		Debug|Any CPU = Debug|Any CPU
		Debug|x64 = Debug|x64
		Debug|x86 = Debug|x86
		Release|Any CPU = Release|Any CPU
		Release|x64 = Release|x64
		Release|x86 = Release|x86
	EndGlobalSection
	GlobalSection(ProjectConfigurationPlatforms) = postSolution
		{DC500592-7119-437E-925C-015E1FCC5D66}.Debug|Any CPU.ActiveCfg = Debug|Any CPU
		{DC500592-7119-437E-925C-015E1FCC5D66}.Debug|Any CPU.Build.0 = Debug|Any CPU
		{DC500592-7119-437E-925C-015E1FCC5D66}.Debug|x64.ActiveCfg = Debug|Any CPU
		{DC500592-7119-437E-925C-015E1FCC5D66}.Debug|x64.Build.0 = Debug|Any CPU
		{DC500592-7119-437E-925C-015E1FCC5D66}.Debug|x86.ActiveCfg = Debug|Any CPU
		{DC500592-7119-437E-925C-015E1FCC5D66}.Debug|x86.Build.0 = Debug|Any CPU
		{DC500592-7119-437E-925C-015E1FCC5D66}.Release|Any CPU.ActiveCfg = Release|Any CPU
		{DC500592-7119-437E-925C-015E1FCC5D66}.Release|Any CPU.Build.0 = Release|Any CPU
		{DC500592-7119-437E-925C-015E1FCC5D66}.Release|x64.ActiveCfg = Release|Any CPU
		{DC500592-7119-437E-925C-015E1FCC5D66}.Release|x64.Build.0 = Release|Any CPU
		{DC500592-7119-437E-925C-015E1FCC5D66}.Release|x86.ActiveCfg = Release|Any CPU
		{DC500592-7119-437E-925C-015E1FCC5D66}.Release|x86.Build.0 = Release|Any CPU
		{6EF3F768-C61F-4D1B-9EC5-73BE5C63F30D}.Debug|Any CPU.ActiveCfg = Debug|Any CPU
		{6EF3F768-C61F-4D1B-9EC5-73BE5C63F30D}.Debug|Any CPU.Build.0 = Debug|Any CPU
		{6EF3F768-C61F-4D1B-9EC5-73BE5C63F30D}.Debug|x64.ActiveCfg = Debug|Any CPU
		{6EF3F768-C61F-4D1B-9EC5-73BE5C63F30D}.Debug|x64.Build.0 = Debug|Any CPU
		{6EF3F768-C61F-4D1B-9EC5-73BE5C63F30D}.Debug|x86.ActiveCfg = Debug|Any CPU
		{6EF3F768-C61F-4D1B-9EC5-73BE5C63F30D}.Debug|x86.Build.0 = Debug|Any CPU
		{6EF3F768-C61F-4D1B-9EC5-73BE5C63F30D}.Release|Any CPU.ActiveCfg = Release|Any CPU
		{6EF3F768-C61F-4D1B-9EC5-73BE5C63F30D}.Release|Any CPU.Build.0 = Release|Any CPU
		{6EF3F768-C61F-4D1B-9EC5-73BE5C63F30D}.Release|x64.ActiveCfg = Release|Any CPU
		{6EF3F768-C61F-4D1B-9EC5-73BE5C63F30D}.Release|x64.Build.0 = Release|Any CPU
		{6EF3F768-C61F-4D1B-9EC5-73BE5C63F30D}.Release|x86.ActiveCfg = Release|Any CPU
		{6EF3F768-C61F-4D1B-9EC5-73BE5C63F30D}.Release|x86.Build.0 = Release|Any CPU
		{21D306AA-BD40-400F-92A6-C6C4982D28BB}.Debug|Any CPU.ActiveCfg = Debug|Any CPU
		{21D306AA-BD40-400F-92A6-C6C4982D28BB}.Debug|Any CPU.Build.0 = Debug|Any CPU
		{21D306AA-BD40-400F-92A6-C6C4982D28BB}.Debug|x64.ActiveCfg = Debug|Any CPU
		{21D306AA-BD40-400F-92A6-C6C4982D28BB}.Debug|x64.Build.0 = Debug|Any CPU
		{21D306AA-BD40-400F-92A6-C6C4982D28BB}.Debug|x86.ActiveCfg = Debug|Any CPU
		{21D306AA-BD40-400F-92A6-C6C4982D28BB}.Debug|x86.Build.0 = Debug|Any CPU
		{21D306AA-BD40-400F-92A6-C6C4982D28BB}.Release|Any CPU.ActiveCfg = Release|Any CPU
		{21D306AA-BD40-400F-92A6-C6C4982D28BB}.Release|Any CPU.Build.0 = Release|Any CPU
		{21D306AA-BD40-400F-92A6-C6C4982D28BB}.Release|x64.ActiveCfg = Release|Any CPU
		{21D306AA-BD40-400F-92A6-C6C4982D28BB}.Release|x64.Build.0 = Release|Any CPU
		{21D306AA-BD40-400F-92A6-C6C4982D28BB}.Release|x86.ActiveCfg = Release|Any CPU
		{21D306AA-BD40-400F-92A6-C6C4982D28BB}.Release|x86.Build.0 = Release|Any CPU
		{3394F93F-4B2A-486F-8DA3-737C3EDE0AEC}.Debug|Any CPU.ActiveCfg = Debug|Any CPU
		{3394F93F-4B2A-486F-8DA3-737C3EDE0AEC}.Debug|Any CPU.Build.0 = Debug|Any CPU
		{3394F93F-4B2A-486F-8DA3-737C3EDE0AEC}.Debug|x64.ActiveCfg = Debug|Any CPU
		{3394F93F-4B2A-486F-8DA3-737C3EDE0AEC}.Debug|x64.Build.0 = Debug|Any CPU
		{3394F93F-4B2A-486F-8DA3-737C3EDE0AEC}.Debug|x86.ActiveCfg = Debug|Any CPU
		{3394F93F-4B2A-486F-8DA3-737C3EDE0AEC}.Debug|x86.Build.0 = Debug|Any CPU
		{3394F93F-4B2A-486F-8DA3-737C3EDE0AEC}.Release|Any CPU.ActiveCfg = Release|Any CPU
		{3394F93F-4B2A-486F-8DA3-737C3EDE0AEC}.Release|Any CPU.Build.0 = Release|Any CPU
		{3394F93F-4B2A-486F-8DA3-737C3EDE0AEC}.Release|x64.ActiveCfg = Release|Any CPU
		{3394F93F-4B2A-486F-8DA3-737C3EDE0AEC}.Release|x64.Build.0 = Release|Any CPU
		{3394F93F-4B2A-486F-8DA3-737C3EDE0AEC}.Release|x86.ActiveCfg = Release|Any CPU
		{3394F93F-4B2A-486F-8DA3-737C3EDE0AEC}.Release|x86.Build.0 = Release|Any CPU
	EndGlobalSection
	GlobalSection(SolutionProperties) = preSolution
		HideSolutionNode = FALSE
	EndGlobalSection
	GlobalSection(NestedProjects) = preSolution
		{DC500592-7119-437E-925C-015E1FCC5D66} = {827E0CD3-B72D-47B6-A68D-7590B98EB39B}
		{6EF3F768-C61F-4D1B-9EC5-73BE5C63F30D} = {827E0CD3-B72D-47B6-A68D-7590B98EB39B}
		{21D306AA-BD40-400F-92A6-C6C4982D28BB} = {0AB3BF05-4346-4AA6-1389-037BE0695223}
		{3394F93F-4B2A-486F-8DA3-737C3EDE0AEC} = {0AB3BF05-4346-4AA6-1389-037BE0695223}
	EndGlobalSection
EndGlobal
